
Microsoft Visual Studio Solution File, Format Version 12.00
# Visual Studio Version 16
VisualStudioVersion = 16.0.29411.108
MinimumVisualStudioVersion = 10.0.40219.1
Project("{FAE04EC0-301F-11D3-BF4B-00C04F79EFBC}") = "TheAlgorithmDesignManual", "TheAlgorithmDesignManual\TheAlgorithmDesignManual.csproj", "{4CDCCBD8-5C44-4BD1-B06E-97418C49E889}"
EndProject
Global
	GlobalSection(SolutionConfigurationPlatforms) = preSolution
		Debug|Any CPU = Debug|Any CPU
		Release|Any CPU = Release|Any CPU
	EndGlobalSection
	GlobalSection(ProjectConfigurationPlatforms) = postSolution
		{4CDCCBD8-5C44-4BD1-B06E-97418C49E889}.Debug|Any CPU.ActiveCfg = Debug|Any CPU
		{4CDCCBD8-5C44-4BD1-B06E-97418C49E889}.Debug|Any CPU.Build.0 = Debug|Any CPU
		{4CDCCBD8-5C44-4BD1-B06E-97418C49E889}.Release|Any CPU.ActiveCfg = Release|Any CPU
		{4CDCCBD8-5C44-4BD1-B06E-97418C49E889}.Release|Any CPU.Build.0 = Release|Any CPU
	EndGlobalSection
	GlobalSection(SolutionProperties) = preSolution
		HideSolutionNode = FALSE
	EndGlobalSection
	GlobalSection(ExtensibilityGlobals) = postSolution
		SolutionGuid = {624E382A-BC51-4CED-85F7-25CC211C25A6}
	EndGlobalSection
EndGlobal
